// !$*UTF8*$!
{
	archiveVersion = 1;
	classes = {
	};
	objectVersion = 46;
	objects = {

/* Begin PBXBuildFile section */
		3E0733779D7C23A54E214C9E /* OPIComparisonConfiguratorTests.swift in Sources */ = {isa = PBXBuildFile; fileRef = B2A3F808DD6795A1B5438311 /* OPIComparisonConfiguratorTests.swift */; };
		510344FCEFF86EA7E0DBCE20 /* Pods_OptimisticUI.framework in Frameworks */ = {isa = PBXBuildFile; fileRef = 8558DF5818062B31958055D7 /* Pods_OptimisticUI.framework */; };
		5843CEFFC3421A5904EA9009 /* OPIComparisionPresenterTests.swift in Sources */ = {isa = PBXBuildFile; fileRef = 3C124067821B6737329DE530 /* OPIComparisionPresenterTests.swift */; };
		58CC2AE9115DD0AFD8D72F78 /* OPIComparisionInteractorTests.swift in Sources */ = {isa = PBXBuildFile; fileRef = 558A589F21D613AA59EFC900 /* OPIComparisionInteractorTests.swift */; };
		74C0303C0480CD6F69522235 /* OPIComparisonViewTests.swift in Sources */ = {isa = PBXBuildFile; fileRef = 407A2F9C0E91367BD7768169 /* OPIComparisonViewTests.swift */; };
		88D94B98141DC3647CB883B7 /* OPIComparisionRouterTests.swift in Sources */ = {isa = PBXBuildFile; fileRef = 79B625693EBF257471387E68 /* OPIComparisionRouterTests.swift */; };
		E14503361EB0B0D40092DFC1 /* Assets.xcassets in Resources */ = {isa = PBXBuildFile; fileRef = E14502FA1EB0B0D30092DFC1 /* Assets.xcassets */; };
		E14503371EB0B0D40092DFC1 /* LottieLogo1.json in Resources */ = {isa = PBXBuildFile; fileRef = E14502FB1EB0B0D30092DFC1 /* LottieLogo1.json */; };
		E14503381EB0B0D40092DFC1 /* TwitterHeart.json in Resources */ = {isa = PBXBuildFile; fileRef = E14502FC1EB0B0D30092DFC1 /* TwitterHeart.json */; };
		E14503391EB0B0D40092DFC1 /* A.json in Resources */ = {isa = PBXBuildFile; fileRef = E14502FE1EB0B0D30092DFC1 /* A.json */; };
		E145033A1EB0B0D40092DFC1 /* Apostrophe.json in Resources */ = {isa = PBXBuildFile; fileRef = E14502FF1EB0B0D30092DFC1 /* Apostrophe.json */; };
		E145033B1EB0B0D40092DFC1 /* B.json in Resources */ = {isa = PBXBuildFile; fileRef = E14503001EB0B0D30092DFC1 /* B.json */; };
		E145033C1EB0B0D40092DFC1 /* BlinkingCursor.json in Resources */ = {isa = PBXBuildFile; fileRef = E14503011EB0B0D30092DFC1 /* BlinkingCursor.json */; };
		E145033D1EB0B0D40092DFC1 /* C.json in Resources */ = {isa = PBXBuildFile; fileRef = E14503021EB0B0D30092DFC1 /* C.json */; };
		E145033E1EB0B0D40092DFC1 /* Colon.json in Resources */ = {isa = PBXBuildFile; fileRef = E14503031EB0B0D30092DFC1 /* Colon.json */; };
		E145033F1EB0B0D40092DFC1 /* Comma.json in Resources */ = {isa = PBXBuildFile; fileRef = E14503041EB0B0D30092DFC1 /* Comma.json */; };
		E14503401EB0B0D40092DFC1 /* D.json in Resources */ = {isa = PBXBuildFile; fileRef = E14503051EB0B0D30092DFC1 /* D.json */; };
		E14503411EB0B0D40092DFC1 /* E.json in Resources */ = {isa = PBXBuildFile; fileRef = E14503061EB0B0D30092DFC1 /* E.json */; };
		E14503421EB0B0D40092DFC1 /* F.json in Resources */ = {isa = PBXBuildFile; fileRef = E14503071EB0B0D30092DFC1 /* F.json */; };
		E14503431EB0B0D40092DFC1 /* G.json in Resources */ = {isa = PBXBuildFile; fileRef = E14503081EB0B0D30092DFC1 /* G.json */; };
		E14503441EB0B0D40092DFC1 /* H.json in Resources */ = {isa = PBXBuildFile; fileRef = E14503091EB0B0D30092DFC1 /* H.json */; };
		E14503451EB0B0D40092DFC1 /* I.json in Resources */ = {isa = PBXBuildFile; fileRef = E145030A1EB0B0D30092DFC1 /* I.json */; };
		E14503461EB0B0D40092DFC1 /* J.json in Resources */ = {isa = PBXBuildFile; fileRef = E145030B1EB0B0D30092DFC1 /* J.json */; };
		E14503471EB0B0D40092DFC1 /* K.json in Resources */ = {isa = PBXBuildFile; fileRef = E145030C1EB0B0D30092DFC1 /* K.json */; };
		E14503481EB0B0D40092DFC1 /* L.json in Resources */ = {isa = PBXBuildFile; fileRef = E145030D1EB0B0D30092DFC1 /* L.json */; };
		E14503491EB0B0D40092DFC1 /* M.json in Resources */ = {isa = PBXBuildFile; fileRef = E145030E1EB0B0D30092DFC1 /* M.json */; };
		E145034A1EB0B0D40092DFC1 /* N.json in Resources */ = {isa = PBXBuildFile; fileRef = E145030F1EB0B0D30092DFC1 /* N.json */; };
		E145034B1EB0B0D40092DFC1 /* O.json in Resources */ = {isa = PBXBuildFile; fileRef = E14503101EB0B0D30092DFC1 /* O.json */; };
		E145034C1EB0B0D40092DFC1 /* P.json in Resources */ = {isa = PBXBuildFile; fileRef = E14503111EB0B0D30092DFC1 /* P.json */; };
		E145034D1EB0B0D40092DFC1 /* Q.json in Resources */ = {isa = PBXBuildFile; fileRef = E14503121EB0B0D30092DFC1 /* Q.json */; };
		E145034E1EB0B0D40092DFC1 /* R.json in Resources */ = {isa = PBXBuildFile; fileRef = E14503131EB0B0D30092DFC1 /* R.json */; };
		E145034F1EB0B0D40092DFC1 /* S.json in Resources */ = {isa = PBXBuildFile; fileRef = E14503141EB0B0D30092DFC1 /* S.json */; };
		E14503501EB0B0D40092DFC1 /* T.json in Resources */ = {isa = PBXBuildFile; fileRef = E14503151EB0B0D30092DFC1 /* T.json */; };
		E14503511EB0B0D40092DFC1 /* U.json in Resources */ = {isa = PBXBuildFile; fileRef = E14503161EB0B0D30092DFC1 /* U.json */; };
		E14503521EB0B0D40092DFC1 /* V.json in Resources */ = {isa = PBXBuildFile; fileRef = E14503171EB0B0D30092DFC1 /* V.json */; };
		E14503531EB0B0D40092DFC1 /* W.json in Resources */ = {isa = PBXBuildFile; fileRef = E14503181EB0B0D30092DFC1 /* W.json */; };
		E14503541EB0B0D40092DFC1 /* X.json in Resources */ = {isa = PBXBuildFile; fileRef = E14503191EB0B0D30092DFC1 /* X.json */; };
		E14503551EB0B0D40092DFC1 /* Y.json in Resources */ = {isa = PBXBuildFile; fileRef = E145031A1EB0B0D30092DFC1 /* Y.json */; };
		E14503561EB0B0D40092DFC1 /* Z.json in Resources */ = {isa = PBXBuildFile; fileRef = E145031B1EB0B0D30092DFC1 /* Z.json */; };
		E14503591EB0B0D40092DFC1 /* AppDelegate.swift in Sources */ = {isa = PBXBuildFile; fileRef = E14503231EB0B0D30092DFC1 /* AppDelegate.swift */; };
		E145035B1EB0B0D40092DFC1 /* LikeButton.swift in Sources */ = {isa = PBXBuildFile; fileRef = E14503291EB0B0D30092DFC1 /* LikeButton.swift */; };
		E145035C1EB0B0D40092DFC1 /* OptimisticLikeButton.swift in Sources */ = {isa = PBXBuildFile; fileRef = E145032A1EB0B0D30092DFC1 /* OptimisticLikeButton.swift */; };
		E145035D1EB0B0D40092DFC1 /* OptimisticLikeButton.xib in Resources */ = {isa = PBXBuildFile; fileRef = E145032B1EB0B0D30092DFC1 /* OptimisticLikeButton.xib */; };
		E145035E1EB0B0D40092DFC1 /* RealisticLikeButton.swift in Sources */ = {isa = PBXBuildFile; fileRef = E145032C1EB0B0D30092DFC1 /* RealisticLikeButton.swift */; };
		E145035F1EB0B0D40092DFC1 /* RealisticLikeButton.xib in Resources */ = {isa = PBXBuildFile; fileRef = E145032D1EB0B0D30092DFC1 /* RealisticLikeButton.xib */; };
		E14503601EB0B0D40092DFC1 /* Message.swift in Sources */ = {isa = PBXBuildFile; fileRef = E145032F1EB0B0D30092DFC1 /* Message.swift */; };
		E14503611EB0B0D40092DFC1 /* OptimisticMessage.swift in Sources */ = {isa = PBXBuildFile; fileRef = E14503301EB0B0D30092DFC1 /* OptimisticMessage.swift */; };
		E14503621EB0B0D40092DFC1 /* OptimisticMessage.xib in Resources */ = {isa = PBXBuildFile; fileRef = E14503311EB0B0D30092DFC1 /* OptimisticMessage.xib */; };
		E14503631EB0B0D40092DFC1 /* RealisticMessage.swift in Sources */ = {isa = PBXBuildFile; fileRef = E14503321EB0B0D30092DFC1 /* RealisticMessage.swift */; };
		E14503641EB0B0D40092DFC1 /* RealisticMessage.xib in Resources */ = {isa = PBXBuildFile; fileRef = E14503331EB0B0D30092DFC1 /* RealisticMessage.xib */; };
		E14503651EB0B0D40092DFC1 /* ServerMock.swift in Sources */ = {isa = PBXBuildFile; fileRef = E14503351EB0B0D40092DFC1 /* ServerMock.swift */; };
		E145036D1EB0B1E90092DFC1 /* OptimisticUITests.swift in Sources */ = {isa = PBXBuildFile; fileRef = E145036C1EB0B1E90092DFC1 /* OptimisticUITests.swift */; };
		E14503861EB0C58D0092DFC1 /* OPIComparisonConfigurator.swift in Sources */ = {isa = PBXBuildFile; fileRef = E14503761EB0C58D0092DFC1 /* OPIComparisonConfigurator.swift */; };
		E14503871EB0C58D0092DFC1 /* OPIComparisonInitializer.swift in Sources */ = {isa = PBXBuildFile; fileRef = E14503771EB0C58D0092DFC1 /* OPIComparisonInitializer.swift */; };
		E14503881EB0C58D0092DFC1 /* OPIComparisonInteractor.swift in Sources */ = {isa = PBXBuildFile; fileRef = E14503791EB0C58D0092DFC1 /* OPIComparisonInteractor.swift */; };
		E14503891EB0C58D0092DFC1 /* OPIComparisonInteractorInput.swift in Sources */ = {isa = PBXBuildFile; fileRef = E145037A1EB0C58D0092DFC1 /* OPIComparisonInteractorInput.swift */; };
		E145038A1EB0C58D0092DFC1 /* OPIComparisonInteractorOutput.swift in Sources */ = {isa = PBXBuildFile; fileRef = E145037B1EB0C58D0092DFC1 /* OPIComparisonInteractorOutput.swift */; };
		E145038B1EB0C58D0092DFC1 /* OPIComparisonModuleInput.swift in Sources */ = {isa = PBXBuildFile; fileRef = E145037D1EB0C58D0092DFC1 /* OPIComparisonModuleInput.swift */; };
		E145038C1EB0C58D0092DFC1 /* OPIComparisonPresenter.swift in Sources */ = {isa = PBXBuildFile; fileRef = E145037E1EB0C58D0092DFC1 /* OPIComparisonPresenter.swift */; };
		E145038D1EB0C58D0092DFC1 /* OPIComparisonRouter.swift in Sources */ = {isa = PBXBuildFile; fileRef = E14503801EB0C58D0092DFC1 /* OPIComparisonRouter.swift */; };
		E145038E1EB0C58D0092DFC1 /* OPIComparisonRouterInput.swift in Sources */ = {isa = PBXBuildFile; fileRef = E14503811EB0C58D0092DFC1 /* OPIComparisonRouterInput.swift */; };
		E145038F1EB0C58D0092DFC1 /* OPIComparisonViewController.swift in Sources */ = {isa = PBXBuildFile; fileRef = E14503831EB0C58D0092DFC1 /* OPIComparisonViewController.swift */; };
		E14503901EB0C58D0092DFC1 /* OPIComparisonViewInput.swift in Sources */ = {isa = PBXBuildFile; fileRef = E14503841EB0C58D0092DFC1 /* OPIComparisonViewInput.swift */; };
		E14503911EB0C58D0092DFC1 /* OPIComparisonViewOutput.swift in Sources */ = {isa = PBXBuildFile; fileRef = E14503851EB0C58D0092DFC1 /* OPIComparisonViewOutput.swift */; };
		E14503931EB0CB3C0092DFC1 /* Info.plist in Resources */ = {isa = PBXBuildFile; fileRef = E14503921EB0CB3C0092DFC1 /* Info.plist */; };
		E14503991EB0CC200092DFC1 /* LaunchScreen.storyboard in Resources */ = {isa = PBXBuildFile; fileRef = E14503951EB0CC200092DFC1 /* LaunchScreen.storyboard */; };
		E145039A1EB0CC200092DFC1 /* Main.storyboard in Resources */ = {isa = PBXBuildFile; fileRef = E14503971EB0CC200092DFC1 /* Main.storyboard */; };
/* End PBXBuildFile section */

/* Begin PBXContainerItemProxy section */
		E145036F1EB0B1E90092DFC1 /* PBXContainerItemProxy */ = {
			isa = PBXContainerItemProxy;
			containerPortal = E1FA29BF1EADE7B70020E48F /* Project object */;
			proxyType = 1;
			remoteGlobalIDString = E1FA29C61EADE7B70020E48F;
			remoteInfo = OptimisticUI;
		};
/* End PBXContainerItemProxy section */

/* Begin PBXCopyFilesBuildPhase section */
		E1FA2A2A1EAE25390020E48F /* Embed Frameworks */ = {
			isa = PBXCopyFilesBuildPhase;
			buildActionMask = 2147483647;
			dstPath = "";
			dstSubfolderSpec = 10;
			files = (
			);
			name = "Embed Frameworks";
			runOnlyForDeploymentPostprocessing = 0;
		};
/* End PBXCopyFilesBuildPhase section */

/* Begin PBXFileReference section */
		000728740773A128F5CABA2B /* Pods-OptimisticUI.release.xcconfig */ = {isa = PBXFileReference; includeInIndex = 1; lastKnownFileType = text.xcconfig; name = "Pods-OptimisticUI.release.xcconfig"; path = "Pods/Target Support Files/Pods-OptimisticUI/Pods-OptimisticUI.release.xcconfig"; sourceTree = "<group>"; };
		3C124067821B6737329DE530 /* OPIComparisionPresenterTests.swift */ = {isa = PBXFileReference; includeInIndex = 1; lastKnownFileType = sourcecode.swift; path = OPIComparisionPresenterTests.swift; sourceTree = "<group>"; };
		407A2F9C0E91367BD7768169 /* OPIComparisonViewTests.swift */ = {isa = PBXFileReference; includeInIndex = 1; lastKnownFileType = sourcecode.swift; path = OPIComparisonViewTests.swift; sourceTree = "<group>"; };
		558A589F21D613AA59EFC900 /* OPIComparisionInteractorTests.swift */ = {isa = PBXFileReference; includeInIndex = 1; lastKnownFileType = sourcecode.swift; path = OPIComparisionInteractorTests.swift; sourceTree = "<group>"; };
		79B625693EBF257471387E68 /* OPIComparisionRouterTests.swift */ = {isa = PBXFileReference; includeInIndex = 1; lastKnownFileType = sourcecode.swift; path = OPIComparisionRouterTests.swift; sourceTree = "<group>"; };
		8558DF5818062B31958055D7 /* Pods_OptimisticUI.framework */ = {isa = PBXFileReference; explicitFileType = wrapper.framework; includeInIndex = 0; path = Pods_OptimisticUI.framework; sourceTree = BUILT_PRODUCTS_DIR; };
		B2A3F808DD6795A1B5438311 /* OPIComparisonConfiguratorTests.swift */ = {isa = PBXFileReference; includeInIndex = 1; lastKnownFileType = sourcecode.swift; path = OPIComparisonConfiguratorTests.swift; sourceTree = "<group>"; };
		D2478F66729DFBA03C308B58 /* Pods-OptimisticUI.debug.xcconfig */ = {isa = PBXFileReference; includeInIndex = 1; lastKnownFileType = text.xcconfig; name = "Pods-OptimisticUI.debug.xcconfig"; path = "Pods/Target Support Files/Pods-OptimisticUI/Pods-OptimisticUI.debug.xcconfig"; sourceTree = "<group>"; };
		E14502FA1EB0B0D30092DFC1 /* Assets.xcassets */ = {isa = PBXFileReference; lastKnownFileType = folder.assetcatalog; path = Assets.xcassets; sourceTree = "<group>"; };
		E14502FB1EB0B0D30092DFC1 /* LottieLogo1.json */ = {isa = PBXFileReference; fileEncoding = 4; lastKnownFileType = text.json; path = LottieLogo1.json; sourceTree = "<group>"; };
		E14502FC1EB0B0D30092DFC1 /* TwitterHeart.json */ = {isa = PBXFileReference; fileEncoding = 4; lastKnownFileType = text.json; path = TwitterHeart.json; sourceTree = "<group>"; };
		E14502FE1EB0B0D30092DFC1 /* A.json */ = {isa = PBXFileReference; fileEncoding = 4; lastKnownFileType = text.json; path = A.json; sourceTree = "<group>"; };
		E14502FF1EB0B0D30092DFC1 /* Apostrophe.json */ = {isa = PBXFileReference; fileEncoding = 4; lastKnownFileType = text.json; path = Apostrophe.json; sourceTree = "<group>"; };
		E14503001EB0B0D30092DFC1 /* B.json */ = {isa = PBXFileReference; fileEncoding = 4; lastKnownFileType = text.json; path = B.json; sourceTree = "<group>"; };
		E14503011EB0B0D30092DFC1 /* BlinkingCursor.json */ = {isa = PBXFileReference; fileEncoding = 4; lastKnownFileType = text.json; path = BlinkingCursor.json; sourceTree = "<group>"; };
		E14503021EB0B0D30092DFC1 /* C.json */ = {isa = PBXFileReference; fileEncoding = 4; lastKnownFileType = text.json; path = C.json; sourceTree = "<group>"; };
		E14503031EB0B0D30092DFC1 /* Colon.json */ = {isa = PBXFileReference; fileEncoding = 4; lastKnownFileType = text.json; path = Colon.json; sourceTree = "<group>"; };
		E14503041EB0B0D30092DFC1 /* Comma.json */ = {isa = PBXFileReference; fileEncoding = 4; lastKnownFileType = text.json; path = Comma.json; sourceTree = "<group>"; };
		E14503051EB0B0D30092DFC1 /* D.json */ = {isa = PBXFileReference; fileEncoding = 4; lastKnownFileType = text.json; path = D.json; sourceTree = "<group>"; };
		E14503061EB0B0D30092DFC1 /* E.json */ = {isa = PBXFileReference; fileEncoding = 4; lastKnownFileType = text.json; path = E.json; sourceTree = "<group>"; };
		E14503071EB0B0D30092DFC1 /* F.json */ = {isa = PBXFileReference; fileEncoding = 4; lastKnownFileType = text.json; path = F.json; sourceTree = "<group>"; };
		E14503081EB0B0D30092DFC1 /* G.json */ = {isa = PBXFileReference; fileEncoding = 4; lastKnownFileType = text.json; path = G.json; sourceTree = "<group>"; };
		E14503091EB0B0D30092DFC1 /* H.json */ = {isa = PBXFileReference; fileEncoding = 4; lastKnownFileType = text.json; path = H.json; sourceTree = "<group>"; };
		E145030A1EB0B0D30092DFC1 /* I.json */ = {isa = PBXFileReference; fileEncoding = 4; lastKnownFileType = text.json; path = I.json; sourceTree = "<group>"; };
		E145030B1EB0B0D30092DFC1 /* J.json */ = {isa = PBXFileReference; fileEncoding = 4; lastKnownFileType = text.json; path = J.json; sourceTree = "<group>"; };
		E145030C1EB0B0D30092DFC1 /* K.json */ = {isa = PBXFileReference; fileEncoding = 4; lastKnownFileType = text.json; path = K.json; sourceTree = "<group>"; };
		E145030D1EB0B0D30092DFC1 /* L.json */ = {isa = PBXFileReference; fileEncoding = 4; lastKnownFileType = text.json; path = L.json; sourceTree = "<group>"; };
		E145030E1EB0B0D30092DFC1 /* M.json */ = {isa = PBXFileReference; fileEncoding = 4; lastKnownFileType = text.json; path = M.json; sourceTree = "<group>"; };
		E145030F1EB0B0D30092DFC1 /* N.json */ = {isa = PBXFileReference; fileEncoding = 4; lastKnownFileType = text.json; path = N.json; sourceTree = "<group>"; };
		E14503101EB0B0D30092DFC1 /* O.json */ = {isa = PBXFileReference; fileEncoding = 4; lastKnownFileType = text.json; path = O.json; sourceTree = "<group>"; };
		E14503111EB0B0D30092DFC1 /* P.json */ = {isa = PBXFileReference; fileEncoding = 4; lastKnownFileType = text.json; path = P.json; sourceTree = "<group>"; };
		E14503121EB0B0D30092DFC1 /* Q.json */ = {isa = PBXFileReference; fileEncoding = 4; lastKnownFileType = text.json; path = Q.json; sourceTree = "<group>"; };
		E14503131EB0B0D30092DFC1 /* R.json */ = {isa = PBXFileReference; fileEncoding = 4; lastKnownFileType = text.json; path = R.json; sourceTree = "<group>"; };
		E14503141EB0B0D30092DFC1 /* S.json */ = {isa = PBXFileReference; fileEncoding = 4; lastKnownFileType = text.json; path = S.json; sourceTree = "<group>"; };
		E14503151EB0B0D30092DFC1 /* T.json */ = {isa = PBXFileReference; fileEncoding = 4; lastKnownFileType = text.json; path = T.json; sourceTree = "<group>"; };
		E14503161EB0B0D30092DFC1 /* U.json */ = {isa = PBXFileReference; fileEncoding = 4; lastKnownFileType = text.json; path = U.json; sourceTree = "<group>"; };
		E14503171EB0B0D30092DFC1 /* V.json */ = {isa = PBXFileReference; fileEncoding = 4; lastKnownFileType = text.json; path = V.json; sourceTree = "<group>"; };
		E14503181EB0B0D30092DFC1 /* W.json */ = {isa = PBXFileReference; fileEncoding = 4; lastKnownFileType = text.json; path = W.json; sourceTree = "<group>"; };
		E14503191EB0B0D30092DFC1 /* X.json */ = {isa = PBXFileReference; fileEncoding = 4; lastKnownFileType = text.json; path = X.json; sourceTree = "<group>"; };
		E145031A1EB0B0D30092DFC1 /* Y.json */ = {isa = PBXFileReference; fileEncoding = 4; lastKnownFileType = text.json; path = Y.json; sourceTree = "<group>"; };
		E145031B1EB0B0D30092DFC1 /* Z.json */ = {isa = PBXFileReference; fileEncoding = 4; lastKnownFileType = text.json; path = Z.json; sourceTree = "<group>"; };
		E14503231EB0B0D30092DFC1 /* AppDelegate.swift */ = {isa = PBXFileReference; fileEncoding = 4; lastKnownFileType = sourcecode.swift; path = AppDelegate.swift; sourceTree = "<group>"; };
		E14503291EB0B0D30092DFC1 /* LikeButton.swift */ = {isa = PBXFileReference; fileEncoding = 4; lastKnownFileType = sourcecode.swift; path = LikeButton.swift; sourceTree = "<group>"; };
		E145032A1EB0B0D30092DFC1 /* OptimisticLikeButton.swift */ = {isa = PBXFileReference; fileEncoding = 4; lastKnownFileType = sourcecode.swift; path = OptimisticLikeButton.swift; sourceTree = "<group>"; };
		E145032B1EB0B0D30092DFC1 /* OptimisticLikeButton.xib */ = {isa = PBXFileReference; fileEncoding = 4; lastKnownFileType = file.xib; path = OptimisticLikeButton.xib; sourceTree = "<group>"; };
		E145032C1EB0B0D30092DFC1 /* RealisticLikeButton.swift */ = {isa = PBXFileReference; fileEncoding = 4; lastKnownFileType = sourcecode.swift; path = RealisticLikeButton.swift; sourceTree = "<group>"; };
		E145032D1EB0B0D30092DFC1 /* RealisticLikeButton.xib */ = {isa = PBXFileReference; fileEncoding = 4; lastKnownFileType = file.xib; path = RealisticLikeButton.xib; sourceTree = "<group>"; };
		E145032F1EB0B0D30092DFC1 /* Message.swift */ = {isa = PBXFileReference; fileEncoding = 4; lastKnownFileType = sourcecode.swift; path = Message.swift; sourceTree = "<group>"; };
		E14503301EB0B0D30092DFC1 /* OptimisticMessage.swift */ = {isa = PBXFileReference; fileEncoding = 4; lastKnownFileType = sourcecode.swift; path = OptimisticMessage.swift; sourceTree = "<group>"; };
		E14503311EB0B0D30092DFC1 /* OptimisticMessage.xib */ = {isa = PBXFileReference; fileEncoding = 4; lastKnownFileType = file.xib; path = OptimisticMessage.xib; sourceTree = "<group>"; };
		E14503321EB0B0D30092DFC1 /* RealisticMessage.swift */ = {isa = PBXFileReference; fileEncoding = 4; lastKnownFileType = sourcecode.swift; path = RealisticMessage.swift; sourceTree = "<group>"; };
		E14503331EB0B0D30092DFC1 /* RealisticMessage.xib */ = {isa = PBXFileReference; fileEncoding = 4; lastKnownFileType = file.xib; path = RealisticMessage.xib; sourceTree = "<group>"; };
		E14503351EB0B0D40092DFC1 /* ServerMock.swift */ = {isa = PBXFileReference; fileEncoding = 4; lastKnownFileType = sourcecode.swift; path = ServerMock.swift; sourceTree = "<group>"; };
		E145036A1EB0B1E80092DFC1 /* OptimisticUITests.xctest */ = {isa = PBXFileReference; explicitFileType = wrapper.cfbundle; includeInIndex = 0; path = OptimisticUITests.xctest; sourceTree = BUILT_PRODUCTS_DIR; };
		E145036C1EB0B1E90092DFC1 /* OptimisticUITests.swift */ = {isa = PBXFileReference; lastKnownFileType = sourcecode.swift; path = OptimisticUITests.swift; sourceTree = "<group>"; };
		E145036E1EB0B1E90092DFC1 /* Info.plist */ = {isa = PBXFileReference; lastKnownFileType = text.plist.xml; path = Info.plist; sourceTree = "<group>"; };
		E14503761EB0C58D0092DFC1 /* OPIComparisonConfigurator.swift */ = {isa = PBXFileReference; fileEncoding = 4; lastKnownFileType = sourcecode.swift; path = OPIComparisonConfigurator.swift; sourceTree = "<group>"; };
		E14503771EB0C58D0092DFC1 /* OPIComparisonInitializer.swift */ = {isa = PBXFileReference; fileEncoding = 4; lastKnownFileType = sourcecode.swift; path = OPIComparisonInitializer.swift; sourceTree = "<group>"; };
		E14503791EB0C58D0092DFC1 /* OPIComparisonInteractor.swift */ = {isa = PBXFileReference; fileEncoding = 4; lastKnownFileType = sourcecode.swift; path = OPIComparisonInteractor.swift; sourceTree = "<group>"; };
		E145037A1EB0C58D0092DFC1 /* OPIComparisonInteractorInput.swift */ = {isa = PBXFileReference; fileEncoding = 4; lastKnownFileType = sourcecode.swift; path = OPIComparisonInteractorInput.swift; sourceTree = "<group>"; };
		E145037B1EB0C58D0092DFC1 /* OPIComparisonInteractorOutput.swift */ = {isa = PBXFileReference; fileEncoding = 4; lastKnownFileType = sourcecode.swift; path = OPIComparisonInteractorOutput.swift; sourceTree = "<group>"; };
		E145037D1EB0C58D0092DFC1 /* OPIComparisonModuleInput.swift */ = {isa = PBXFileReference; fileEncoding = 4; lastKnownFileType = sourcecode.swift; path = OPIComparisonModuleInput.swift; sourceTree = "<group>"; };
		E145037E1EB0C58D0092DFC1 /* OPIComparisonPresenter.swift */ = {isa = PBXFileReference; fileEncoding = 4; lastKnownFileType = sourcecode.swift; path = OPIComparisonPresenter.swift; sourceTree = "<group>"; };
		E14503801EB0C58D0092DFC1 /* OPIComparisonRouter.swift */ = {isa = PBXFileReference; fileEncoding = 4; lastKnownFileType = sourcecode.swift; path = OPIComparisonRouter.swift; sourceTree = "<group>"; };
		E14503811EB0C58D0092DFC1 /* OPIComparisonRouterInput.swift */ = {isa = PBXFileReference; fileEncoding = 4; lastKnownFileType = sourcecode.swift; path = OPIComparisonRouterInput.swift; sourceTree = "<group>"; };
		E14503831EB0C58D0092DFC1 /* OPIComparisonViewController.swift */ = {isa = PBXFileReference; fileEncoding = 4; lastKnownFileType = sourcecode.swift; path = OPIComparisonViewController.swift; sourceTree = "<group>"; };
		E14503841EB0C58D0092DFC1 /* OPIComparisonViewInput.swift */ = {isa = PBXFileReference; fileEncoding = 4; lastKnownFileType = sourcecode.swift; path = OPIComparisonViewInput.swift; sourceTree = "<group>"; };
		E14503851EB0C58D0092DFC1 /* OPIComparisonViewOutput.swift */ = {isa = PBXFileReference; fileEncoding = 4; lastKnownFileType = sourcecode.swift; path = OPIComparisonViewOutput.swift; sourceTree = "<group>"; };
		E14503921EB0CB3C0092DFC1 /* Info.plist */ = {isa = PBXFileReference; fileEncoding = 4; lastKnownFileType = text.plist.xml; path = Info.plist; sourceTree = "<group>"; };
		E14503961EB0CC200092DFC1 /* Base */ = {isa = PBXFileReference; lastKnownFileType = file.storyboard; name = Base; path = Base.lproj/LaunchScreen.storyboard; sourceTree = "<group>"; };
		E14503981EB0CC200092DFC1 /* Base */ = {isa = PBXFileReference; lastKnownFileType = file.storyboard; name = Base; path = Base.lproj/Main.storyboard; sourceTree = "<group>"; };
		E1FA29C71EADE7B70020E48F /* OptimisticUI.app */ = {isa = PBXFileReference; explicitFileType = wrapper.application; includeInIndex = 0; path = OptimisticUI.app; sourceTree = BUILT_PRODUCTS_DIR; };
/* End PBXFileReference section */

/* Begin PBXFrameworksBuildPhase section */
		E14503671EB0B1E80092DFC1 /* Frameworks */ = {
			isa = PBXFrameworksBuildPhase;
			buildActionMask = 2147483647;
			files = (
			);
			runOnlyForDeploymentPostprocessing = 0;
		};
		E1FA29C41EADE7B70020E48F /* Frameworks */ = {
			isa = PBXFrameworksBuildPhase;
			buildActionMask = 2147483647;
			files = (
				510344FCEFF86EA7E0DBCE20 /* Pods_OptimisticUI.framework in Frameworks */,
			);
			runOnlyForDeploymentPostprocessing = 0;
		};
/* End PBXFrameworksBuildPhase section */

/* Begin PBXGroup section */
		08876FAA9EB270056B62FF85 /* View */ = {
			isa = PBXGroup;
			children = (
				407A2F9C0E91367BD7768169 /* OPIComparisonViewTests.swift */,
			);
			path = View;
			sourceTree = "<group>";
		};
		4C3268971C597158943D825A /* Interactor */ = {
			isa = PBXGroup;
			children = (
				558A589F21D613AA59EFC900 /* OPIComparisionInteractorTests.swift */,
			);
			path = Interactor;
			sourceTree = "<group>";
		};
		5E448F625ABDB4C3A90D04F2 /* Router */ = {
			isa = PBXGroup;
			children = (
				79B625693EBF257471387E68 /* OPIComparisionRouterTests.swift */,
			);
			path = Router;
			sourceTree = "<group>";
		};
		84F7BA84E4F507BBEA2A59DF /* Frameworks */ = {
			isa = PBXGroup;
			children = (
				8558DF5818062B31958055D7 /* Pods_OptimisticUI.framework */,
			);
			name = Frameworks;
			sourceTree = "<group>";
		};
		8D5025745DD34D9E9F9B66CD /* Pods */ = {
			isa = PBXGroup;
			children = (
				D2478F66729DFBA03C308B58 /* Pods-OptimisticUI.debug.xcconfig */,
				000728740773A128F5CABA2B /* Pods-OptimisticUI.release.xcconfig */,
			);
			name = Pods;
			sourceTree = "<group>";
		};
		D5FDF93378DA0644D3A5424B /* Configurator */ = {
			isa = PBXGroup;
			children = (
				B2A3F808DD6795A1B5438311 /* OPIComparisonConfiguratorTests.swift */,
			);
			path = Configurator;
			sourceTree = "<group>";
		};
		D859EED3CFA4AA89C2C16F14 /* Presenter */ = {
			isa = PBXGroup;
			children = (
				3C124067821B6737329DE530 /* OPIComparisionPresenterTests.swift */,
			);
			path = Presenter;
			sourceTree = "<group>";
		};
		D95CCF7F5DC9445B12409455 /* Tests */ = {
			isa = PBXGroup;
			children = (
				E0E4C5626F1F76446AB4D4FC /* Comparison */,
			);
			path = Tests;
			sourceTree = "<group>";
		};
		E0E4C5626F1F76446AB4D4FC /* Comparison */ = {
			isa = PBXGroup;
			children = (
				D5FDF93378DA0644D3A5424B /* Configurator */,
				08876FAA9EB270056B62FF85 /* View */,
				4C3268971C597158943D825A /* Interactor */,
				D859EED3CFA4AA89C2C16F14 /* Presenter */,
				5E448F625ABDB4C3A90D04F2 /* Router */,
			);
			name = Comparison;
			path = Comparision;
			sourceTree = "<group>";
		};
		E14502F81EB0B0D30092DFC1 /* Resources */ = {
			isa = PBXGroup;
			children = (
				E14503941EB0CC200092DFC1 /* Storyboards */,
				E14502F91EB0B0D30092DFC1 /* Assets */,
				E14503201EB0B0D30092DFC1 /* Plists */,
			);
			path = Resources;
			sourceTree = "<group>";
		};
		E14502F91EB0B0D30092DFC1 /* Assets */ = {
			isa = PBXGroup;
			children = (
				E14502FA1EB0B0D30092DFC1 /* Assets.xcassets */,
				E14502FB1EB0B0D30092DFC1 /* LottieLogo1.json */,
				E14502FC1EB0B0D30092DFC1 /* TwitterHeart.json */,
				E14502FD1EB0B0D30092DFC1 /* TypeFace */,
			);
			path = Assets;
			sourceTree = "<group>";
		};
		E14502FD1EB0B0D30092DFC1 /* TypeFace */ = {
			isa = PBXGroup;
			children = (
				E14502FE1EB0B0D30092DFC1 /* A.json */,
				E14502FF1EB0B0D30092DFC1 /* Apostrophe.json */,
				E14503001EB0B0D30092DFC1 /* B.json */,
				E14503011EB0B0D30092DFC1 /* BlinkingCursor.json */,
				E14503021EB0B0D30092DFC1 /* C.json */,
				E14503031EB0B0D30092DFC1 /* Colon.json */,
				E14503041EB0B0D30092DFC1 /* Comma.json */,
				E14503051EB0B0D30092DFC1 /* D.json */,
				E14503061EB0B0D30092DFC1 /* E.json */,
				E14503071EB0B0D30092DFC1 /* F.json */,
				E14503081EB0B0D30092DFC1 /* G.json */,
				E14503091EB0B0D30092DFC1 /* H.json */,
				E145030A1EB0B0D30092DFC1 /* I.json */,
				E145030B1EB0B0D30092DFC1 /* J.json */,
				E145030C1EB0B0D30092DFC1 /* K.json */,
				E145030D1EB0B0D30092DFC1 /* L.json */,
				E145030E1EB0B0D30092DFC1 /* M.json */,
				E145030F1EB0B0D30092DFC1 /* N.json */,
				E14503101EB0B0D30092DFC1 /* O.json */,
				E14503111EB0B0D30092DFC1 /* P.json */,
				E14503121EB0B0D30092DFC1 /* Q.json */,
				E14503131EB0B0D30092DFC1 /* R.json */,
				E14503141EB0B0D30092DFC1 /* S.json */,
				E14503151EB0B0D30092DFC1 /* T.json */,
				E14503161EB0B0D30092DFC1 /* U.json */,
				E14503171EB0B0D30092DFC1 /* V.json */,
				E14503181EB0B0D30092DFC1 /* W.json */,
				E14503191EB0B0D30092DFC1 /* X.json */,
				E145031A1EB0B0D30092DFC1 /* Y.json */,
				E145031B1EB0B0D30092DFC1 /* Z.json */,
			);
			path = TypeFace;
			sourceTree = "<group>";
		};
		E14503201EB0B0D30092DFC1 /* Plists */ = {
			isa = PBXGroup;
			children = (
				E14503921EB0CB3C0092DFC1 /* Info.plist */,
			);
			path = Plists;
			sourceTree = "<group>";
		};
		E14503211EB0B0D30092DFC1 /* Source */ = {
			isa = PBXGroup;
			children = (
				E14503251EB0B0D30092DFC1 /* Modules */,
				E14503221EB0B0D30092DFC1 /* AppDelegate */,
				E14503241EB0B0D30092DFC1 /* Models */,
				E14503341EB0B0D30092DFC1 /* Services */,
			);
			path = Source;
			sourceTree = "<group>";
		};
		E14503221EB0B0D30092DFC1 /* AppDelegate */ = {
			isa = PBXGroup;
			children = (
				E14503231EB0B0D30092DFC1 /* AppDelegate.swift */,
			);
			path = AppDelegate;
			sourceTree = "<group>";
		};
		E14503241EB0B0D30092DFC1 /* Models */ = {
			isa = PBXGroup;
			children = (
			);
			path = Models;
			sourceTree = "<group>";
		};
		E14503251EB0B0D30092DFC1 /* Modules */ = {
			isa = PBXGroup;
			children = (
				E14503741EB0C58D0092DFC1 /* Comparison */,
				E14503271EB0B0D30092DFC1 /* Views */,
			);
			path = Modules;
			sourceTree = "<group>";
		};
		E14503271EB0B0D30092DFC1 /* Views */ = {
			isa = PBXGroup;
			children = (
				E14503281EB0B0D30092DFC1 /* Like */,
				E145032E1EB0B0D30092DFC1 /* Message */,
			);
			path = Views;
			sourceTree = "<group>";
		};
		E14503281EB0B0D30092DFC1 /* Like */ = {
			isa = PBXGroup;
			children = (
				E14503291EB0B0D30092DFC1 /* LikeButton.swift */,
				E145032A1EB0B0D30092DFC1 /* OptimisticLikeButton.swift */,
				E145032B1EB0B0D30092DFC1 /* OptimisticLikeButton.xib */,
				E145032C1EB0B0D30092DFC1 /* RealisticLikeButton.swift */,
				E145032D1EB0B0D30092DFC1 /* RealisticLikeButton.xib */,
			);
			path = Like;
			sourceTree = "<group>";
		};
		E145032E1EB0B0D30092DFC1 /* Message */ = {
			isa = PBXGroup;
			children = (
				E145032F1EB0B0D30092DFC1 /* Message.swift */,
				E14503301EB0B0D30092DFC1 /* OptimisticMessage.swift */,
				E14503311EB0B0D30092DFC1 /* OptimisticMessage.xib */,
				E14503321EB0B0D30092DFC1 /* RealisticMessage.swift */,
				E14503331EB0B0D30092DFC1 /* RealisticMessage.xib */,
			);
			path = Message;
			sourceTree = "<group>";
		};
		E14503341EB0B0D30092DFC1 /* Services */ = {
			isa = PBXGroup;
			children = (
				E14503351EB0B0D40092DFC1 /* ServerMock.swift */,
			);
			path = Services;
			sourceTree = "<group>";
		};
		E145036B1EB0B1E90092DFC1 /* OptimisticUITests */ = {
			isa = PBXGroup;
			children = (
				E145036C1EB0B1E90092DFC1 /* OptimisticUITests.swift */,
				E145036E1EB0B1E90092DFC1 /* Info.plist */,
				D95CCF7F5DC9445B12409455 /* Tests */,
			);
			path = OptimisticUITests;
			sourceTree = "<group>";
		};
		E14503741EB0C58D0092DFC1 /* Comparison */ = {
			isa = PBXGroup;
			children = (
				E14503751EB0C58D0092DFC1 /* Configurator */,
				E14503781EB0C58D0092DFC1 /* Interactor */,
				E145037C1EB0C58D0092DFC1 /* Presenter */,
				E145037F1EB0C58D0092DFC1 /* Router */,
				E14503821EB0C58D0092DFC1 /* View */,
			);
			path = Comparison;
			sourceTree = "<group>";
		};
		E14503751EB0C58D0092DFC1 /* Configurator */ = {
			isa = PBXGroup;
			children = (
				E14503761EB0C58D0092DFC1 /* OPIComparisonConfigurator.swift */,
				E14503771EB0C58D0092DFC1 /* OPIComparisonInitializer.swift */,
			);
			path = Configurator;
			sourceTree = "<group>";
		};
		E14503781EB0C58D0092DFC1 /* Interactor */ = {
			isa = PBXGroup;
			children = (
				E14503791EB0C58D0092DFC1 /* OPIComparisonInteractor.swift */,
				E145037A1EB0C58D0092DFC1 /* OPIComparisonInteractorInput.swift */,
				E145037B1EB0C58D0092DFC1 /* OPIComparisonInteractorOutput.swift */,
			);
			path = Interactor;
			sourceTree = "<group>";
		};
		E145037C1EB0C58D0092DFC1 /* Presenter */ = {
			isa = PBXGroup;
			children = (
				E145037D1EB0C58D0092DFC1 /* OPIComparisonModuleInput.swift */,
				E145037E1EB0C58D0092DFC1 /* OPIComparisonPresenter.swift */,
			);
			path = Presenter;
			sourceTree = "<group>";
		};
		E145037F1EB0C58D0092DFC1 /* Router */ = {
			isa = PBXGroup;
			children = (
				E14503801EB0C58D0092DFC1 /* OPIComparisonRouter.swift */,
				E14503811EB0C58D0092DFC1 /* OPIComparisonRouterInput.swift */,
			);
			path = Router;
			sourceTree = "<group>";
		};
		E14503821EB0C58D0092DFC1 /* View */ = {
			isa = PBXGroup;
			children = (
				E14503831EB0C58D0092DFC1 /* OPIComparisonViewController.swift */,
				E14503841EB0C58D0092DFC1 /* OPIComparisonViewInput.swift */,
				E14503851EB0C58D0092DFC1 /* OPIComparisonViewOutput.swift */,
			);
			path = View;
			sourceTree = "<group>";
		};
		E14503941EB0CC200092DFC1 /* Storyboards */ = {
			isa = PBXGroup;
			children = (
				E14503951EB0CC200092DFC1 /* LaunchScreen.storyboard */,
				E14503971EB0CC200092DFC1 /* Main.storyboard */,
			);
			path = Storyboards;
			sourceTree = "<group>";
		};
		E1FA29BE1EADE7B70020E48F = {
			isa = PBXGroup;
			children = (
				E1FA29C91EADE7B70020E48F /* OptimisticUI */,
				E145036B1EB0B1E90092DFC1 /* OptimisticUITests */,
				E1FA29C81EADE7B70020E48F /* Products */,
				E1FA29DC1EADE82B0020E48F /* Libs */,
				8D5025745DD34D9E9F9B66CD /* Pods */,
				84F7BA84E4F507BBEA2A59DF /* Frameworks */,
			);
			sourceTree = "<group>";
		};
		E1FA29C81EADE7B70020E48F /* Products */ = {
			isa = PBXGroup;
			children = (
				E1FA29C71EADE7B70020E48F /* OptimisticUI.app */,
				E145036A1EB0B1E80092DFC1 /* OptimisticUITests.xctest */,
			);
			name = Products;
			sourceTree = "<group>";
		};
		E1FA29C91EADE7B70020E48F /* OptimisticUI */ = {
			isa = PBXGroup;
			children = (
				E14503211EB0B0D30092DFC1 /* Source */,
				E14502F81EB0B0D30092DFC1 /* Resources */,
			);
			path = OptimisticUI;
			sourceTree = "<group>";
		};
		E1FA29DC1EADE82B0020E48F /* Libs */ = {
			isa = PBXGroup;
			children = (
			);
			path = Libs;
			sourceTree = "<group>";
		};
/* End PBXGroup section */

/* Begin PBXNativeTarget section */
		E14503691EB0B1E80092DFC1 /* OptimisticUITests */ = {
			isa = PBXNativeTarget;
			buildConfigurationList = E14503711EB0B1E90092DFC1 /* Build configuration list for PBXNativeTarget "OptimisticUITests" */;
			buildPhases = (
				E14503661EB0B1E80092DFC1 /* Sources */,
				E14503671EB0B1E80092DFC1 /* Frameworks */,
				E14503681EB0B1E80092DFC1 /* Resources */,
			);
			buildRules = (
			);
			dependencies = (
				E14503701EB0B1E90092DFC1 /* PBXTargetDependency */,
			);
			name = OptimisticUITests;
			productName = OptimisticUITests;
			productReference = E145036A1EB0B1E80092DFC1 /* OptimisticUITests.xctest */;
			productType = "com.apple.product-type.bundle.unit-test";
		};
		E1FA29C61EADE7B70020E48F /* OptimisticUI */ = {
			isa = PBXNativeTarget;
			buildConfigurationList = E1FA29D91EADE7B70020E48F /* Build configuration list for PBXNativeTarget "OptimisticUI" */;
			buildPhases = (
				8F71D4130C39D4B762F1BE32 /* [CP] Check Pods Manifest.lock */,
				E1FA29C31EADE7B70020E48F /* Sources */,
				E1FA29C41EADE7B70020E48F /* Frameworks */,
				E1FA29C51EADE7B70020E48F /* Resources */,
				E1FA2A2A1EAE25390020E48F /* Embed Frameworks */,
				E14502F71EB0AC830092DFC1 /* SwiftLint */,
				830056EE58BE56C4990C6CD1 /* [CP] Embed Pods Frameworks */,
				7C0A2D2736E6C8D95A37DFFF /* [CP] Copy Pods Resources */,
			);
			buildRules = (
			);
			dependencies = (
			);
			name = OptimisticUI;
			productName = OptimisticUI;
			productReference = E1FA29C71EADE7B70020E48F /* OptimisticUI.app */;
			productType = "com.apple.product-type.application";
		};
/* End PBXNativeTarget section */

/* Begin PBXProject section */
		E1FA29BF1EADE7B70020E48F /* Project object */ = {
			isa = PBXProject;
			attributes = {
				LastSwiftUpdateCheck = 0830;
				LastUpgradeCheck = 0830;
				ORGANIZATIONNAME = NIX;
				TargetAttributes = {
					E14503691EB0B1E80092DFC1 = {
						CreatedOnToolsVersion = 8.3.1;
						DevelopmentTeam = YQ63ZZYZV7;
						ProvisioningStyle = Automatic;
						TestTargetID = E1FA29C61EADE7B70020E48F;
					};
					E1FA29C61EADE7B70020E48F = {
						CreatedOnToolsVersion = 8.3.1;
						DevelopmentTeam = YQ63ZZYZV7;
						ProvisioningStyle = Automatic;
					};
				};
			};
			buildConfigurationList = E1FA29C21EADE7B70020E48F /* Build configuration list for PBXProject "OptimisticUI" */;
			compatibilityVersion = "Xcode 3.2";
			developmentRegion = English;
			hasScannedForEncodings = 0;
			knownRegions = (
				en,
				Base,
			);
			mainGroup = E1FA29BE1EADE7B70020E48F;
			productRefGroup = E1FA29C81EADE7B70020E48F /* Products */;
			projectDirPath = "";
			projectRoot = "";
			targets = (
				E1FA29C61EADE7B70020E48F /* OptimisticUI */,
				E14503691EB0B1E80092DFC1 /* OptimisticUITests */,
			);
		};
/* End PBXProject section */

/* Begin PBXResourcesBuildPhase section */
		E14503681EB0B1E80092DFC1 /* Resources */ = {
			isa = PBXResourcesBuildPhase;
			buildActionMask = 2147483647;
			files = (
			);
			runOnlyForDeploymentPostprocessing = 0;
		};
		E1FA29C51EADE7B70020E48F /* Resources */ = {
			isa = PBXResourcesBuildPhase;
			buildActionMask = 2147483647;
			files = (
				E14503551EB0B0D40092DFC1 /* Y.json in Resources */,
				E14503421EB0B0D40092DFC1 /* F.json in Resources */,
				E145033B1EB0B0D40092DFC1 /* B.json in Resources */,
				E14503451EB0B0D40092DFC1 /* I.json in Resources */,
				E14503391EB0B0D40092DFC1 /* A.json in Resources */,
				E14503541EB0B0D40092DFC1 /* X.json in Resources */,
				E145034F1EB0B0D40092DFC1 /* S.json in Resources */,
				E14503441EB0B0D40092DFC1 /* H.json in Resources */,
				E14503931EB0CB3C0092DFC1 /* Info.plist in Resources */,
				E14503461EB0B0D40092DFC1 /* J.json in Resources */,
				E145035F1EB0B0D40092DFC1 /* RealisticLikeButton.xib in Resources */,
				E145039A1EB0CC200092DFC1 /* Main.storyboard in Resources */,
				E14503361EB0B0D40092DFC1 /* Assets.xcassets in Resources */,
				E14503371EB0B0D40092DFC1 /* LottieLogo1.json in Resources */,
				E14503561EB0B0D40092DFC1 /* Z.json in Resources */,
				E14503521EB0B0D40092DFC1 /* V.json in Resources */,
				E145033E1EB0B0D40092DFC1 /* Colon.json in Resources */,
				E14503431EB0B0D40092DFC1 /* G.json in Resources */,
				E14503411EB0B0D40092DFC1 /* E.json in Resources */,
				E145034A1EB0B0D40092DFC1 /* N.json in Resources */,
				E14503401EB0B0D40092DFC1 /* D.json in Resources */,
				E14503481EB0B0D40092DFC1 /* L.json in Resources */,
				E14503501EB0B0D40092DFC1 /* T.json in Resources */,
				E145034C1EB0B0D40092DFC1 /* P.json in Resources */,
				E14503641EB0B0D40092DFC1 /* RealisticMessage.xib in Resources */,
				E145035D1EB0B0D40092DFC1 /* OptimisticLikeButton.xib in Resources */,
				E145033D1EB0B0D40092DFC1 /* C.json in Resources */,
				E145034D1EB0B0D40092DFC1 /* Q.json in Resources */,
				E14503621EB0B0D40092DFC1 /* OptimisticMessage.xib in Resources */,
				E14503381EB0B0D40092DFC1 /* TwitterHeart.json in Resources */,
				E145034B1EB0B0D40092DFC1 /* O.json in Resources */,
				E14503511EB0B0D40092DFC1 /* U.json in Resources */,
				E145033C1EB0B0D40092DFC1 /* BlinkingCursor.json in Resources */,
				E14503531EB0B0D40092DFC1 /* W.json in Resources */,
				E14503991EB0CC200092DFC1 /* LaunchScreen.storyboard in Resources */,
				E145034E1EB0B0D40092DFC1 /* R.json in Resources */,
				E14503471EB0B0D40092DFC1 /* K.json in Resources */,
				E145033F1EB0B0D40092DFC1 /* Comma.json in Resources */,
				E14503491EB0B0D40092DFC1 /* M.json in Resources */,
				E145033A1EB0B0D40092DFC1 /* Apostrophe.json in Resources */,
			);
			runOnlyForDeploymentPostprocessing = 0;
		};
/* End PBXResourcesBuildPhase section */

/* Begin PBXShellScriptBuildPhase section */
		7C0A2D2736E6C8D95A37DFFF /* [CP] Copy Pods Resources */ = {
			isa = PBXShellScriptBuildPhase;
			buildActionMask = 2147483647;
			files = (
			);
			inputPaths = (
			);
			name = "[CP] Copy Pods Resources";
			outputPaths = (
			);
			runOnlyForDeploymentPostprocessing = 0;
			shellPath = /bin/sh;
			shellScript = "\"${SRCROOT}/Pods/Target Support Files/Pods-OptimisticUI/Pods-OptimisticUI-resources.sh\"\n";
			showEnvVarsInLog = 0;
		};
		830056EE58BE56C4990C6CD1 /* [CP] Embed Pods Frameworks */ = {
			isa = PBXShellScriptBuildPhase;
			buildActionMask = 2147483647;
			files = (
			);
			inputPaths = (
			);
			name = "[CP] Embed Pods Frameworks";
			outputPaths = (
			);
			runOnlyForDeploymentPostprocessing = 0;
			shellPath = /bin/sh;
			shellScript = "\"${SRCROOT}/Pods/Target Support Files/Pods-OptimisticUI/Pods-OptimisticUI-frameworks.sh\"\n";
			showEnvVarsInLog = 0;
		};
		8F71D4130C39D4B762F1BE32 /* [CP] Check Pods Manifest.lock */ = {
			isa = PBXShellScriptBuildPhase;
			buildActionMask = 2147483647;
			files = (
			);
			inputPaths = (
			);
			name = "[CP] Check Pods Manifest.lock";
			outputPaths = (
			);
			runOnlyForDeploymentPostprocessing = 0;
			shellPath = /bin/sh;
			shellScript = "diff \"${PODS_PODFILE_DIR_PATH}/Podfile.lock\" \"${PODS_ROOT}/Manifest.lock\" > /dev/null\nif [ $? != 0 ] ; then\n    # print error to STDERR\n    echo \"error: The sandbox is not in sync with the Podfile.lock. Run 'pod install' or update your CocoaPods installation.\" >&2\n    exit 1\nfi\n";
			showEnvVarsInLog = 0;
		};
		E14502F71EB0AC830092DFC1 /* SwiftLint */ = {
			isa = PBXShellScriptBuildPhase;
			buildActionMask = 2147483647;
			files = (
			);
			inputPaths = (
			);
			name = SwiftLint;
			outputPaths = (
			);
			runOnlyForDeploymentPostprocessing = 0;
			shellPath = /bin/sh;
			shellScript = "if which swiftlint >/dev/null; then\nswiftlint\nelse\necho \"warning: SwiftLint not installed, download from https://github.com/realm/SwiftLint\"\nfi";
		};
/* End PBXShellScriptBuildPhase section */

/* Begin PBXSourcesBuildPhase section */
		E14503661EB0B1E80092DFC1 /* Sources */ = {
			isa = PBXSourcesBuildPhase;
			buildActionMask = 2147483647;
			files = (
				E145036D1EB0B1E90092DFC1 /* OptimisticUITests.swift in Sources */,
				3E0733779D7C23A54E214C9E /* OPIComparisonConfiguratorTests.swift in Sources */,
				74C0303C0480CD6F69522235 /* OPIComparisonViewTests.swift in Sources */,
				58CC2AE9115DD0AFD8D72F78 /* OPIComparisionInteractorTests.swift in Sources */,
				5843CEFFC3421A5904EA9009 /* OPIComparisionPresenterTests.swift in Sources */,
				88D94B98141DC3647CB883B7 /* OPIComparisionRouterTests.swift in Sources */,
			);
			runOnlyForDeploymentPostprocessing = 0;
		};
		E1FA29C31EADE7B70020E48F /* Sources */ = {
			isa = PBXSourcesBuildPhase;
			buildActionMask = 2147483647;
			files = (
				E14503591EB0B0D40092DFC1 /* AppDelegate.swift in Sources */,
				E145035B1EB0B0D40092DFC1 /* LikeButton.swift in Sources */,
				E14503901EB0C58D0092DFC1 /* OPIComparisonViewInput.swift in Sources */,
				E145038D1EB0C58D0092DFC1 /* OPIComparisonRouter.swift in Sources */,
				E145038B1EB0C58D0092DFC1 /* OPIComparisonModuleInput.swift in Sources */,
				E145038C1EB0C58D0092DFC1 /* OPIComparisonPresenter.swift in Sources */,
				E14503881EB0C58D0092DFC1 /* OPIComparisonInteractor.swift in Sources */,
				E14503601EB0B0D40092DFC1 /* Message.swift in Sources */,
				E145035C1EB0B0D40092DFC1 /* OptimisticLikeButton.swift in Sources */,
				E14503911EB0C58D0092DFC1 /* OPIComparisonViewOutput.swift in Sources */,
				E14503871EB0C58D0092DFC1 /* OPIComparisonInitializer.swift in Sources */,
				E145035E1EB0B0D40092DFC1 /* RealisticLikeButton.swift in Sources */,
				E145038F1EB0C58D0092DFC1 /* OPIComparisonViewController.swift in Sources */,
				E14503651EB0B0D40092DFC1 /* ServerMock.swift in Sources */,
				E14503631EB0B0D40092DFC1 /* RealisticMessage.swift in Sources */,
				E14503891EB0C58D0092DFC1 /* OPIComparisonInteractorInput.swift in Sources */,
				E145038E1EB0C58D0092DFC1 /* OPIComparisonRouterInput.swift in Sources */,
				E14503611EB0B0D40092DFC1 /* OptimisticMessage.swift in Sources */,
				E14503861EB0C58D0092DFC1 /* OPIComparisonConfigurator.swift in Sources */,
				E145038A1EB0C58D0092DFC1 /* OPIComparisonInteractorOutput.swift in Sources */,
			);
			runOnlyForDeploymentPostprocessing = 0;
		};
/* End PBXSourcesBuildPhase section */

/* Begin PBXTargetDependency section */
		E14503701EB0B1E90092DFC1 /* PBXTargetDependency */ = {
			isa = PBXTargetDependency;
			target = E1FA29C61EADE7B70020E48F /* OptimisticUI */;
			targetProxy = E145036F1EB0B1E90092DFC1 /* PBXContainerItemProxy */;
		};
/* End PBXTargetDependency section */

/* Begin PBXVariantGroup section */
		E14503951EB0CC200092DFC1 /* LaunchScreen.storyboard */ = {
			isa = PBXVariantGroup;
			children = (
				E14503961EB0CC200092DFC1 /* Base */,
			);
			name = LaunchScreen.storyboard;
			sourceTree = "<group>";
		};
		E14503971EB0CC200092DFC1 /* Main.storyboard */ = {
			isa = PBXVariantGroup;
			children = (
				E14503981EB0CC200092DFC1 /* Base */,
			);
			name = Main.storyboard;
			sourceTree = "<group>";
		};
/* End PBXVariantGroup section */

/* Begin XCBuildConfiguration section */
		E14503721EB0B1E90092DFC1 /* Debug */ = {
			isa = XCBuildConfiguration;
			buildSettings = {
				BUNDLE_LOADER = "$(TEST_HOST)";
				DEVELOPMENT_TEAM = YQ63ZZYZV7;
				INFOPLIST_FILE = OptimisticUITests/Info.plist;
				IPHONEOS_DEPLOYMENT_TARGET = 10.3;
				LD_RUNPATH_SEARCH_PATHS = "$(inherited) @executable_path/Frameworks @loader_path/Frameworks";
				PRODUCT_BUNDLE_IDENTIFIER = com.testnixsolutions.OptimisticUITests;
				PRODUCT_NAME = "$(TARGET_NAME)";
				SWIFT_VERSION = 3.0;
				TEST_HOST = "$(BUILT_PRODUCTS_DIR)/OptimisticUI.app/OptimisticUI";
			};
			name = Debug;
		};
		E14503731EB0B1E90092DFC1 /* Release */ = {
			isa = XCBuildConfiguration;
			buildSettings = {
				BUNDLE_LOADER = "$(TEST_HOST)";
				DEVELOPMENT_TEAM = YQ63ZZYZV7;
				INFOPLIST_FILE = OptimisticUITests/Info.plist;
				IPHONEOS_DEPLOYMENT_TARGET = 10.3;
				LD_RUNPATH_SEARCH_PATHS = "$(inherited) @executable_path/Frameworks @loader_path/Frameworks";
				PRODUCT_BUNDLE_IDENTIFIER = com.testnixsolutions.OptimisticUITests;
				PRODUCT_NAME = "$(TARGET_NAME)";
				SWIFT_VERSION = 3.0;
				TEST_HOST = "$(BUILT_PRODUCTS_DIR)/OptimisticUI.app/OptimisticUI";
			};
			name = Release;
		};
		E1FA29D71EADE7B70020E48F /* Debug */ = {
			isa = XCBuildConfiguration;
			buildSettings = {
				ALWAYS_SEARCH_USER_PATHS = NO;
				CLANG_ANALYZER_NONNULL = YES;
				CLANG_ANALYZER_NUMBER_OBJECT_CONVERSION = YES_AGGRESSIVE;
				CLANG_CXX_LANGUAGE_STANDARD = "gnu++0x";
				CLANG_CXX_LIBRARY = "libc++";
				CLANG_ENABLE_MODULES = YES;
				CLANG_ENABLE_OBJC_ARC = YES;
				CLANG_WARN_BOOL_CONVERSION = YES;
				CLANG_WARN_CONSTANT_CONVERSION = YES;
				CLANG_WARN_DIRECT_OBJC_ISA_USAGE = YES_ERROR;
				CLANG_WARN_DOCUMENTATION_COMMENTS = YES;
				CLANG_WARN_EMPTY_BODY = YES;
				CLANG_WARN_ENUM_CONVERSION = YES;
				CLANG_WARN_INFINITE_RECURSION = YES;
				CLANG_WARN_INT_CONVERSION = YES;
				CLANG_WARN_OBJC_ROOT_CLASS = YES_ERROR;
				CLANG_WARN_SUSPICIOUS_MOVE = YES;
				CLANG_WARN_UNREACHABLE_CODE = YES;
				CLANG_WARN__DUPLICATE_METHOD_MATCH = YES;
				"CODE_SIGN_IDENTITY[sdk=iphoneos*]" = "iPhone Developer";
				COPY_PHASE_STRIP = NO;
				DEBUG_INFORMATION_FORMAT = dwarf;
				ENABLE_STRICT_OBJC_MSGSEND = YES;
				ENABLE_TESTABILITY = YES;
				GCC_C_LANGUAGE_STANDARD = gnu99;
				GCC_DYNAMIC_NO_PIC = NO;
				GCC_NO_COMMON_BLOCKS = YES;
				GCC_OPTIMIZATION_LEVEL = 0;
				GCC_PREPROCESSOR_DEFINITIONS = (
					"DEBUG=1",
					"$(inherited)",
				);
				GCC_WARN_64_TO_32_BIT_CONVERSION = YES;
				GCC_WARN_ABOUT_RETURN_TYPE = YES_ERROR;
				GCC_WARN_UNDECLARED_SELECTOR = YES;
				GCC_WARN_UNINITIALIZED_AUTOS = YES_AGGRESSIVE;
				GCC_WARN_UNUSED_FUNCTION = YES;
				GCC_WARN_UNUSED_VARIABLE = YES;
				IPHONEOS_DEPLOYMENT_TARGET = 9.0;
				MTL_ENABLE_DEBUG_INFO = YES;
				ONLY_ACTIVE_ARCH = YES;
				SDKROOT = iphoneos;
				SWIFT_ACTIVE_COMPILATION_CONDITIONS = DEBUG;
				SWIFT_OPTIMIZATION_LEVEL = "-Onone";
				TARGETED_DEVICE_FAMILY = "1,2";
			};
			name = Debug;
		};
		E1FA29D81EADE7B70020E48F /* Release */ = {
			isa = XCBuildConfiguration;
			buildSettings = {
				ALWAYS_SEARCH_USER_PATHS = NO;
				CLANG_ANALYZER_NONNULL = YES;
				CLANG_ANALYZER_NUMBER_OBJECT_CONVERSION = YES_AGGRESSIVE;
				CLANG_CXX_LANGUAGE_STANDARD = "gnu++0x";
				CLANG_CXX_LIBRARY = "libc++";
				CLANG_ENABLE_MODULES = YES;
				CLANG_ENABLE_OBJC_ARC = YES;
				CLANG_WARN_BOOL_CONVERSION = YES;
				CLANG_WARN_CONSTANT_CONVERSION = YES;
				CLANG_WARN_DIRECT_OBJC_ISA_USAGE = YES_ERROR;
				CLANG_WARN_DOCUMENTATION_COMMENTS = YES;
				CLANG_WARN_EMPTY_BODY = YES;
				CLANG_WARN_ENUM_CONVERSION = YES;
				CLANG_WARN_INFINITE_RECURSION = YES;
				CLANG_WARN_INT_CONVERSION = YES;
				CLANG_WARN_OBJC_ROOT_CLASS = YES_ERROR;
				CLANG_WARN_SUSPICIOUS_MOVE = YES;
				CLANG_WARN_UNREACHABLE_CODE = YES;
				CLANG_WARN__DUPLICATE_METHOD_MATCH = YES;
				"CODE_SIGN_IDENTITY[sdk=iphoneos*]" = "iPhone Developer";
				COPY_PHASE_STRIP = NO;
				DEBUG_INFORMATION_FORMAT = "dwarf-with-dsym";
				ENABLE_NS_ASSERTIONS = NO;
				ENABLE_STRICT_OBJC_MSGSEND = YES;
				GCC_C_LANGUAGE_STANDARD = gnu99;
				GCC_NO_COMMON_BLOCKS = YES;
				GCC_WARN_64_TO_32_BIT_CONVERSION = YES;
				GCC_WARN_ABOUT_RETURN_TYPE = YES_ERROR;
				GCC_WARN_UNDECLARED_SELECTOR = YES;
				GCC_WARN_UNINITIALIZED_AUTOS = YES_AGGRESSIVE;
				GCC_WARN_UNUSED_FUNCTION = YES;
				GCC_WARN_UNUSED_VARIABLE = YES;
				IPHONEOS_DEPLOYMENT_TARGET = 9.0;
				MTL_ENABLE_DEBUG_INFO = NO;
				SDKROOT = iphoneos;
				SWIFT_OPTIMIZATION_LEVEL = "-Owholemodule";
				TARGETED_DEVICE_FAMILY = "1,2";
				VALIDATE_PRODUCT = YES;
			};
			name = Release;
		};
		E1FA29DA1EADE7B70020E48F /* Debug */ = {
			isa = XCBuildConfiguration;
			baseConfigurationReference = D2478F66729DFBA03C308B58 /* Pods-OptimisticUI.debug.xcconfig */;
			buildSettings = {
				ASSETCATALOG_COMPILER_APPICON_NAME = AppIcon;
				DEVELOPMENT_TEAM = YQ63ZZYZV7;
				FRAMEWORK_SEARCH_PATHS = (
					"$(inherited)",
					"$(PROJECT_DIR)/Libs",
				);
				INFOPLIST_FILE = OptimisticUI/Resources/Plists/Info.plist;
				IPHONEOS_DEPLOYMENT_TARGET = 9.0;
				LD_RUNPATH_SEARCH_PATHS = "$(inherited) @executable_path/Frameworks";
				PRODUCT_BUNDLE_IDENTIFIER = com.testnixsolutions.OptimisticUI;
				PRODUCT_NAME = "$(TARGET_NAME)";
				SWIFT_VERSION = 3.0;
			};
			name = Debug;
		};
		E1FA29DB1EADE7B70020E48F /* Release */ = {
			isa = XCBuildConfiguration;
			baseConfigurationReference = 000728740773A128F5CABA2B /* Pods-OptimisticUI.release.xcconfig */;
			buildSettings = {
				ASSETCATALOG_COMPILER_APPICON_NAME = AppIcon;
				DEVELOPMENT_TEAM = YQ63ZZYZV7;
				FRAMEWORK_SEARCH_PATHS = (
					"$(inherited)",
					"$(PROJECT_DIR)/Libs",
				);
				INFOPLIST_FILE = OptimisticUI/Resources/Plists/Info.plist;
				IPHONEOS_DEPLOYMENT_TARGET = 9.0;
				LD_RUNPATH_SEARCH_PATHS = "$(inherited) @executable_path/Frameworks";
				PRODUCT_BUNDLE_IDENTIFIER = com.testnixsolutions.OptimisticUI;
				PRODUCT_NAME = "$(TARGET_NAME)";
				SWIFT_VERSION = 3.0;
			};
			name = Release;
		};
/* End XCBuildConfiguration section */

/* Begin XCConfigurationList section */
		E14503711EB0B1E90092DFC1 /* Build configuration list for PBXNativeTarget "OptimisticUITests" */ = {
			isa = XCConfigurationList;
			buildConfigurations = (
				E14503721EB0B1E90092DFC1 /* Debug */,
				E14503731EB0B1E90092DFC1 /* Release */,
			);
			defaultConfigurationIsVisible = 0;
			defaultConfigurationName = Release;
		};
		E1FA29C21EADE7B70020E48F /* Build configuration list for PBXProject "OptimisticUI" */ = {
			isa = XCConfigurationList;
			buildConfigurations = (
				E1FA29D71EADE7B70020E48F /* Debug */,
				E1FA29D81EADE7B70020E48F /* Release */,
			);
			defaultConfigurationIsVisible = 0;
			defaultConfigurationName = Release;
		};
		E1FA29D91EADE7B70020E48F /* Build configuration list for PBXNativeTarget "OptimisticUI" */ = {
			isa = XCConfigurationList;
			buildConfigurations = (
				E1FA29DA1EADE7B70020E48F /* Debug */,
				E1FA29DB1EADE7B70020E48F /* Release */,
			);
			defaultConfigurationIsVisible = 0;
			defaultConfigurationName = Release;
		};
/* End XCConfigurationList section */
	};
	rootObject = E1FA29BF1EADE7B70020E48F /* Project object */;
}
