PODS:
  - Alamofire (4.4.0)
  - lottie-ios (1.5.1)

DEPENDENCIES:
  - Alamofire
  - lottie-ios

SPEC CHECKSUMS:
  Alamofire: dc44b1600b800eb63da6a19039a0083d62a6a62d
  lottie-ios: f680a7c4cb7a567ecf258fde0f967913aff111b8

PODFILE CHECKSUM: 0318078955ec12b8117baa54a1e920cf06b7a727

COCOAPODS: 1.2.1.beta.1
