PODS:
  - lottie-ios (1.5.1)
  - SwiftLint (0.17.0)

DEPENDENCIES:
  - lottie-ios
  - SwiftLint

SPEC CHECKSUMS:
  lottie-ios: f680a7c4cb7a567ecf258fde0f967913aff111b8
  SwiftLint: 9fb1dd71d5952d130f8c2fb60ae2e1475cf5d575

PODFILE CHECKSUM: 2a3a3883698eae75e1d993e7c2adc11e87065874

COCOAPODS: 1.2.1.beta.1
